
Microsoft Visual Studio Solution File, Format Version 12.00
# Visual Studio Version 16
VisualStudioVersion = 16.0.29230.47
MinimumVisualStudioVersion = 10.0.40219.1
Project("{9A19103F-16F7-4668-BE54-9A1E7A4F7556}") = "PatientXamarinApp", "PatientXamarinApp\PatientXamarinApp\PatientXamarinApp.csproj", "{51D5C886-16CD-4F44-851D-6D95655AE8B4}"
EndProject
Project("{FAE04EC0-301F-11D3-BF4B-00C04F79EFBC}") = "PatientXamarinApp.Android", "PatientXamarinApp\PatientXamarinApp.Android\PatientXamarinApp.Android.csproj", "{CDE1D07E-654C-4D7A-8100-6BB403FA107A}"
EndProject
Project("{FAE04EC0-301F-11D3-BF4B-00C04F79EFBC}") = "PatientXamarinApp.iOS", "PatientXamarinApp\PatientXamarinApp.iOS\PatientXamarinApp.iOS.csproj", "{BFABB816-D06B-4D8C-82D9-56D61B9653A0}"
EndProject
Global
	GlobalSection(SolutionConfigurationPlatforms) = preSolution
		Debug|Any CPU = Debug|Any CPU
		Debug|iPhone = Debug|iPhone
		Debug|iPhoneSimulator = Debug|iPhoneSimulator
		Release|Any CPU = Release|Any CPU
		Release|iPhone = Release|iPhone
		Release|iPhoneSimulator = Release|iPhoneSimulator
	EndGlobalSection
	GlobalSection(ProjectConfigurationPlatforms) = postSolution
		{51D5C886-16CD-4F44-851D-6D95655AE8B4}.Debug|Any CPU.ActiveCfg = Debug|Any CPU
		{51D5C886-16CD-4F44-851D-6D95655AE8B4}.Debug|Any CPU.Build.0 = Debug|Any CPU
		{51D5C886-16CD-4F44-851D-6D95655AE8B4}.Debug|iPhone.ActiveCfg = Debug|Any CPU
		{51D5C886-16CD-4F44-851D-6D95655AE8B4}.Debug|iPhone.Build.0 = Debug|Any CPU
		{51D5C886-16CD-4F44-851D-6D95655AE8B4}.Debug|iPhoneSimulator.ActiveCfg = Debug|Any CPU
		{51D5C886-16CD-4F44-851D-6D95655AE8B4}.Debug|iPhoneSimulator.Build.0 = Debug|Any CPU
		{51D5C886-16CD-4F44-851D-6D95655AE8B4}.Release|Any CPU.ActiveCfg = Release|Any CPU
		{51D5C886-16CD-4F44-851D-6D95655AE8B4}.Release|Any CPU.Build.0 = Release|Any CPU
		{51D5C886-16CD-4F44-851D-6D95655AE8B4}.Release|iPhone.ActiveCfg = Release|Any CPU
		{51D5C886-16CD-4F44-851D-6D95655AE8B4}.Release|iPhone.Build.0 = Release|Any CPU
		{51D5C886-16CD-4F44-851D-6D95655AE8B4}.Release|iPhoneSimulator.ActiveCfg = Release|Any CPU
		{51D5C886-16CD-4F44-851D-6D95655AE8B4}.Release|iPhoneSimulator.Build.0 = Release|Any CPU
		{CDE1D07E-654C-4D7A-8100-6BB403FA107A}.Debug|Any CPU.ActiveCfg = Debug|Any CPU
		{CDE1D07E-654C-4D7A-8100-6BB403FA107A}.Debug|Any CPU.Build.0 = Debug|Any CPU
		{CDE1D07E-654C-4D7A-8100-6BB403FA107A}.Debug|Any CPU.Deploy.0 = Debug|Any CPU
		{CDE1D07E-654C-4D7A-8100-6BB403FA107A}.Debug|iPhone.ActiveCfg = Debug|Any CPU
		{CDE1D07E-654C-4D7A-8100-6BB403FA107A}.Debug|iPhone.Build.0 = Debug|Any CPU
		{CDE1D07E-654C-4D7A-8100-6BB403FA107A}.Debug|iPhone.Deploy.0 = Debug|Any CPU
		{CDE1D07E-654C-4D7A-8100-6BB403FA107A}.Debug|iPhoneSimulator.ActiveCfg = Debug|Any CPU
		{CDE1D07E-654C-4D7A-8100-6BB403FA107A}.Debug|iPhoneSimulator.Build.0 = Debug|Any CPU
		{CDE1D07E-654C-4D7A-8100-6BB403FA107A}.Debug|iPhoneSimulator.Deploy.0 = Debug|Any CPU
		{CDE1D07E-654C-4D7A-8100-6BB403FA107A}.Release|Any CPU.ActiveCfg = Release|Any CPU
		{CDE1D07E-654C-4D7A-8100-6BB403FA107A}.Release|Any CPU.Build.0 = Release|Any CPU
		{CDE1D07E-654C-4D7A-8100-6BB403FA107A}.Release|Any CPU.Deploy.0 = Release|Any CPU
		{CDE1D07E-654C-4D7A-8100-6BB403FA107A}.Release|iPhone.ActiveCfg = Release|Any CPU
		{CDE1D07E-654C-4D7A-8100-6BB403FA107A}.Release|iPhone.Build.0 = Release|Any CPU
		{CDE1D07E-654C-4D7A-8100-6BB403FA107A}.Release|iPhone.Deploy.0 = Release|Any CPU
		{CDE1D07E-654C-4D7A-8100-6BB403FA107A}.Release|iPhoneSimulator.ActiveCfg = Release|Any CPU
		{CDE1D07E-654C-4D7A-8100-6BB403FA107A}.Release|iPhoneSimulator.Build.0 = Release|Any CPU
		{CDE1D07E-654C-4D7A-8100-6BB403FA107A}.Release|iPhoneSimulator.Deploy.0 = Release|Any CPU
		{BFABB816-D06B-4D8C-82D9-56D61B9653A0}.Debug|Any CPU.ActiveCfg = Debug|iPhone
		{BFABB816-D06B-4D8C-82D9-56D61B9653A0}.Debug|iPhone.ActiveCfg = Debug|iPhone
		{BFABB816-D06B-4D8C-82D9-56D61B9653A0}.Debug|iPhone.Build.0 = Debug|iPhone
		{BFABB816-D06B-4D8C-82D9-56D61B9653A0}.Debug|iPhoneSimulator.ActiveCfg = Debug|iPhoneSimulator
		{BFABB816-D06B-4D8C-82D9-56D61B9653A0}.Debug|iPhoneSimulator.Build.0 = Debug|iPhoneSimulator
		{BFABB816-D06B-4D8C-82D9-56D61B9653A0}.Release|Any CPU.ActiveCfg = Release|iPhone
		{BFABB816-D06B-4D8C-82D9-56D61B9653A0}.Release|iPhone.ActiveCfg = Release|iPhone
		{BFABB816-D06B-4D8C-82D9-56D61B9653A0}.Release|iPhone.Build.0 = Release|iPhone
		{BFABB816-D06B-4D8C-82D9-56D61B9653A0}.Release|iPhoneSimulator.ActiveCfg = Release|iPhoneSimulator
		{BFABB816-D06B-4D8C-82D9-56D61B9653A0}.Release|iPhoneSimulator.Build.0 = Release|iPhoneSimulator
	EndGlobalSection
	GlobalSection(SolutionProperties) = preSolution
		HideSolutionNode = FALSE
	EndGlobalSection
	GlobalSection(ExtensibilityGlobals) = postSolution
		SolutionGuid = {781E94BA-9DF3-49C6-91CF-9AA87AB2267F}
	EndGlobalSection
EndGlobal
